
Microsoft Visual Studio Solution File, Format Version 12.00
# Visual Studio Version 17
VisualStudioVersion = 17.10.35013.160
MinimumVisualStudioVersion = 10.0.40219.1
Project("{FAE04EC0-301F-11D3-BF4B-00C04F79EFBC}") = "StajZad1", "StajZad1\StajZad1.csproj", "{102AB0F1-14E2-4758-AAAE-E8F44B9A86B0}"
EndProject
Global
	GlobalSection(SolutionConfigurationPlatforms) = preSolution
		Debug|Any CPU = Debug|Any CPU
		Release|Any CPU = Release|Any CPU
	EndGlobalSection
	GlobalSection(ProjectConfigurationPlatforms) = postSolution
		{102AB0F1-14E2-4758-AAAE-E8F44B9A86B0}.Debug|Any CPU.ActiveCfg = Debug|Any CPU
		{102AB0F1-14E2-4758-AAAE-E8F44B9A86B0}.Debug|Any CPU.Build.0 = Debug|Any CPU
		{102AB0F1-14E2-4758-AAAE-E8F44B9A86B0}.Release|Any CPU.ActiveCfg = Release|Any CPU
		{102AB0F1-14E2-4758-AAAE-E8F44B9A86B0}.Release|Any CPU.Build.0 = Release|Any CPU
	EndGlobalSection
	GlobalSection(SolutionProperties) = preSolution
		HideSolutionNode = FALSE
	EndGlobalSection
	GlobalSection(ExtensibilityGlobals) = postSolution
		SolutionGuid = {A9AD364C-7F5D-4338-B999-AC26D7C79F40}
	EndGlobalSection
EndGlobal
